// !$*UTF8*$!
{
	archiveVersion = 1;
	classes = {
	};
	objectVersion = 77;
	objects = {

/* Begin PBXBuildFile section */
		397AD6CB176C77CF2DFA2EDC /* WorkView.swift in Sources */ = {isa = PBXBuildFile; fileRef = 52175555A323B3DAFE835EC8 /* WorkView.swift */; };
		4AA43F3AED3DC8A4C750458F /* ContentView.swift in Sources */ = {isa = PBXBuildFile; fileRef = E954D4DB66CE075C0C6C3B4D /* ContentView.swift */; };
		93996E7972A6FED827F7CDAE /* Assets.xcassets in Resources */ = {isa = PBXBuildFile; fileRef = C295252365F3756E917A7F89 /* Assets.xcassets */; };
		B936C48027E450F5094CC0B8 /* PortfolioData.swift in Sources */ = {isa = PBXBuildFile; fileRef = B8D4AC986C11014EBD57EB05 /* PortfolioData.swift */; };
		D1DB04A9F9E56742E912A2CE /* AboutView.swift in Sources */ = {isa = PBXBuildFile; fileRef = F23D81B33EEBD52A7415C1FF /* AboutView.swift */; };
		E878520DC7A0DED91CE789DF /* PortfolioWatchApp.swift in Sources */ = {isa = PBXBuildFile; fileRef = 3EB8880D68A6183F50BBFF95 /* PortfolioWatchApp.swift */; };
/* End PBXBuildFile section */

/* Begin PBXFileReference section */
		3EB8880D68A6183F50BBFF95 /* PortfolioWatchApp.swift */ = {isa = PBXFileReference; lastKnownFileType = sourcecode.swift; path = PortfolioWatchApp.swift; sourceTree = "<group>"; };
		52175555A323B3DAFE835EC8 /* WorkView.swift */ = {isa = PBXFileReference; lastKnownFileType = sourcecode.swift; path = WorkView.swift; sourceTree = "<group>"; };
		B8D4AC986C11014EBD57EB05 /* PortfolioData.swift */ = {isa = PBXFileReference; lastKnownFileType = sourcecode.swift; path = PortfolioData.swift; sourceTree = "<group>"; };
		C295252365F3756E917A7F89 /* Assets.xcassets */ = {isa = PBXFileReference; lastKnownFileType = folder.assetcatalog; path = Assets.xcassets; sourceTree = "<group>"; };
		E954D4DB66CE075C0C6C3B4D /* ContentView.swift */ = {isa = PBXFileReference; lastKnownFileType = sourcecode.swift; path = ContentView.swift; sourceTree = "<group>"; };
		F23D81B33EEBD52A7415C1FF /* AboutView.swift */ = {isa = PBXFileReference; lastKnownFileType = sourcecode.swift; path = AboutView.swift; sourceTree = "<group>"; };
		FCF05656F3FD54A32939E0CC /* PortfolioWatch.app */ = {isa = PBXFileReference; explicitFileType = wrapper.application; includeInIndex = 0; path = PortfolioWatch.app; sourceTree = BUILT_PRODUCTS_DIR; };
/* End PBXFileReference section */

/* Begin PBXGroup section */
		1F0F99FD2FF760A775E108C4 /* Products */ = {
			isa = PBXGroup;
			children = (
				FCF05656F3FD54A32939E0CC /* PortfolioWatch.app */,
			);
			name = Products;
			sourceTree = "<group>";
		};
		AC493521196CF0E4BD454B87 /* watchos */ = {
			isa = PBXGroup;
			children = (
				C295252365F3756E917A7F89 /* Assets.xcassets */,
				E954D4DB66CE075C0C6C3B4D /* ContentView.swift */,
				3EB8880D68A6183F50BBFF95 /* PortfolioWatchApp.swift */,
				E4098382592C540C704E0524 /* Models */,
				EAF960AE1835380C56E98902 /* Views */,
			);
			name = watchos;
			path = .;
			sourceTree = "<group>";
		};
		D5FB617B70A122CA63710D10 = {
			isa = PBXGroup;
			children = (
				E4098382592C540C704E0524 /* Models */,
				EAF960AE1835380C56E98902 /* Views */,
				AC493521196CF0E4BD454B87 /* watchos */,
				1F0F99FD2FF760A775E108C4 /* Products */,
			);
			sourceTree = "<group>";
		};
		E4098382592C540C704E0524 /* Models */ = {
			isa = PBXGroup;
			children = (
				B8D4AC986C11014EBD57EB05 /* PortfolioData.swift */,
			);
			path = Models;
			sourceTree = "<group>";
		};
		EAF960AE1835380C56E98902 /* Views */ = {
			isa = PBXGroup;
			children = (
				F23D81B33EEBD52A7415C1FF /* AboutView.swift */,
				52175555A323B3DAFE835EC8 /* WorkView.swift */,
			);
			path = Views;
			sourceTree = "<group>";
		};
/* End PBXGroup section */

/* Begin PBXNativeTarget section */
		2A17A52E836F19B1FED24ECB /* PortfolioWatch */ = {
			isa = PBXNativeTarget;
			buildConfigurationList = 7DEDA6BA131BBC4B038737D6 /* Build configuration list for PBXNativeTarget "PortfolioWatch" */;
			buildPhases = (
				3F77341D76F703953912E17A /* Sources */,
				AD77C8E04D152CB20EAD200B /* Resources */,
			);
			buildRules = (
			);
			dependencies = (
			);
			name = PortfolioWatch;
			packageProductDependencies = (
			);
			productName = PortfolioWatch;
			productReference = FCF05656F3FD54A32939E0CC /* PortfolioWatch.app */;
			productType = "com.apple.product-type.application";
		};
/* End PBXNativeTarget section */

/* Begin PBXProject section */
		8109B37ACB78B076BB0B206D /* Project object */ = {
			isa = PBXProject;
			attributes = {
				BuildIndependentTargetsInParallel = YES;
				LastUpgradeCheck = 1430;
				TargetAttributes = {
					2A17A52E836F19B1FED24ECB = {
						DevelopmentTeam = QMM486NPYC;
						ProvisioningStyle = Automatic;
					};
				};
			};
			buildConfigurationList = 1F53593C9209D5CDD1D5EE2E /* Build configuration list for PBXProject "PortfolioWatch" */;
			developmentRegion = en;
			hasScannedForEncodings = 0;
			knownRegions = (
				Base,
				en,
			);
			mainGroup = D5FB617B70A122CA63710D10;
			minimizedProjectReferenceProxies = 1;
			preferredProjectObjectVersion = 77;
			productRefGroup = 1F0F99FD2FF760A775E108C4 /* Products */;
			projectDirPath = "";
			projectRoot = "";
			targets = (
				2A17A52E836F19B1FED24ECB /* PortfolioWatch */,
			);
		};
/* End PBXProject section */

/* Begin PBXResourcesBuildPhase section */
		AD77C8E04D152CB20EAD200B /* Resources */ = {
			isa = PBXResourcesBuildPhase;
			buildActionMask = 2147483647;
			files = (
				93996E7972A6FED827F7CDAE /* Assets.xcassets in Resources */,
			);
			runOnlyForDeploymentPostprocessing = 0;
		};
/* End PBXResourcesBuildPhase section */

/* Begin PBXSourcesBuildPhase section */
		3F77341D76F703953912E17A /* Sources */ = {
			isa = PBXSourcesBuildPhase;
			buildActionMask = 2147483647;
			files = (
				D1DB04A9F9E56742E912A2CE /* AboutView.swift in Sources */,
				4AA43F3AED3DC8A4C750458F /* ContentView.swift in Sources */,
				B936C48027E450F5094CC0B8 /* PortfolioData.swift in Sources */,
				E878520DC7A0DED91CE789DF /* PortfolioWatchApp.swift in Sources */,
				397AD6CB176C77CF2DFA2EDC /* WorkView.swift in Sources */,
			);
			runOnlyForDeploymentPostprocessing = 0;
		};
/* End PBXSourcesBuildPhase section */

/* Begin XCBuildConfiguration section */
		41DE6233CA3842C16425B108 /* Release */ = {
			isa = XCBuildConfiguration;
			buildSettings = {
				ASSETCATALOG_COMPILER_APPICON_NAME = AppIcon;
				GENERATE_INFOPLIST_FILE = YES;
				INFOPLIST_FILE = "";
				INFOPLIST_KEY_WKWatchOnly = YES;
				PRODUCT_BUNDLE_IDENTIFIER = com.nulljosh.portfolio.watchos;
				PRODUCT_NAME = Portfolio;
				SDKROOT = watchos;
				SKIP_INSTALL = YES;
				TARGETED_DEVICE_FAMILY = 4;
			};
			name = Release;
		};
		4B8A9A0A4574663D5CE63C80 /* Debug */ = {
			isa = XCBuildConfiguration;
			buildSettings = {
				ASSETCATALOG_COMPILER_APPICON_NAME = AppIcon;
				GENERATE_INFOPLIST_FILE = YES;
				INFOPLIST_FILE = "";
				INFOPLIST_KEY_WKWatchOnly = YES;
				PRODUCT_BUNDLE_IDENTIFIER = com.nulljosh.portfolio.watchos;
				PRODUCT_NAME = Portfolio;
				SDKROOT = watchos;
				SKIP_INSTALL = YES;
				TARGETED_DEVICE_FAMILY = 4;
			};
			name = Debug;
		};
		72705796322FEFC1AE9B72BA /* Release */ = {
			isa = XCBuildConfiguration;
			buildSettings = {
				ALWAYS_SEARCH_USER_PATHS = NO;
				CLANG_ANALYZER_NONNULL = YES;
				CLANG_ANALYZER_NUMBER_OBJECT_CONVERSION = YES_AGGRESSIVE;
				CLANG_CXX_LANGUAGE_STANDARD = "gnu++14";
				CLANG_CXX_LIBRARY = "libc++";
				CLANG_ENABLE_MODULES = YES;
				CLANG_ENABLE_OBJC_ARC = YES;
				CLANG_ENABLE_OBJC_WEAK = YES;
				CLANG_WARN_BLOCK_CAPTURE_AUTORELEASING = YES;
				CLANG_WARN_BOOL_CONVERSION = YES;
				CLANG_WARN_COMMA = YES;
				CLANG_WARN_CONSTANT_CONVERSION = YES;
				CLANG_WARN_DEPRECATED_OBJC_IMPLEMENTATIONS = YES;
				CLANG_WARN_DIRECT_OBJC_ISA_USAGE = YES_ERROR;
				CLANG_WARN_DOCUMENTATION_COMMENTS = YES;
				CLANG_WARN_EMPTY_BODY = YES;
				CLANG_WARN_ENUM_CONVERSION = YES;
				CLANG_WARN_INFINITE_RECURSION = YES;
				CLANG_WARN_INT_CONVERSION = YES;
				CLANG_WARN_NON_LITERAL_NULL_CONVERSION = YES;
				CLANG_WARN_OBJC_IMPLICIT_RETAIN_SELF = YES;
				CLANG_WARN_OBJC_LITERAL_CONVERSION = YES;
				CLANG_WARN_OBJC_ROOT_CLASS = YES_ERROR;
				CLANG_WARN_QUOTED_INCLUDE_IN_FRAMEWORK_HEADER = YES;
				CLANG_WARN_RANGE_LOOP_ANALYSIS = YES;
				CLANG_WARN_STRICT_PROTOTYPES = YES;
				CLANG_WARN_SUSPICIOUS_MOVE = YES;
				CLANG_WARN_UNGUARDED_AVAILABILITY = YES_AGGRESSIVE;
				CLANG_WARN_UNREACHABLE_CODE = YES;
				CLANG_WARN__DUPLICATE_METHOD_MATCH = YES;
				CODE_SIGN_STYLE = Automatic;
				COPY_PHASE_STRIP = NO;
				CURRENT_PROJECT_VERSION = 1;
				DEBUG_INFORMATION_FORMAT = "dwarf-with-dsym";
				DEVELOPMENT_TEAM = QMM486NPYC;
				ENABLE_NS_ASSERTIONS = NO;
				ENABLE_STRICT_OBJC_MSGSEND = YES;
				GCC_C_LANGUAGE_STANDARD = gnu11;
				GCC_NO_COMMON_BLOCKS = YES;
				GCC_WARN_64_TO_32_BIT_CONVERSION = YES;
				GCC_WARN_ABOUT_RETURN_TYPE = YES_ERROR;
				GCC_WARN_UNDECLARED_SELECTOR = YES;
				GCC_WARN_UNINITIALIZED_AUTOS = YES_AGGRESSIVE;
				GCC_WARN_UNUSED_FUNCTION = YES;
				GCC_WARN_UNUSED_VARIABLE = YES;
				MARKETING_VERSION = 1.0.0;
				MTL_ENABLE_DEBUG_INFO = NO;
				MTL_FAST_MATH = YES;
				PRODUCT_NAME = "$(TARGET_NAME)";
				SDKROOT = watchos;
				SWIFT_COMPILATION_MODE = wholemodule;
				SWIFT_OPTIMIZATION_LEVEL = "-O";
				SWIFT_VERSION = 6.0;
				WATCHOS_DEPLOYMENT_TARGET = 10.0;
			};
			name = Release;
		};
		E79B7CA43EA3ED6486A7D36E /* Debug */ = {
			isa = XCBuildConfiguration;
			buildSettings = {
				ALWAYS_SEARCH_USER_PATHS = NO;
				CLANG_ANALYZER_NONNULL = YES;
				CLANG_ANALYZER_NUMBER_OBJECT_CONVERSION = YES_AGGRESSIVE;
				CLANG_CXX_LANGUAGE_STANDARD = "gnu++14";
				CLANG_CXX_LIBRARY = "libc++";
				CLANG_ENABLE_MODULES = YES;
				CLANG_ENABLE_OBJC_ARC = YES;
				CLANG_ENABLE_OBJC_WEAK = YES;
				CLANG_WARN_BLOCK_CAPTURE_AUTORELEASING = YES;
				CLANG_WARN_BOOL_CONVERSION = YES;
				CLANG_WARN_COMMA = YES;
				CLANG_WARN_CONSTANT_CONVERSION = YES;
				CLANG_WARN_DEPRECATED_OBJC_IMPLEMENTATIONS = YES;
				CLANG_WARN_DIRECT_OBJC_ISA_USAGE = YES_ERROR;
				CLANG_WARN_DOCUMENTATION_COMMENTS = YES;
				CLANG_WARN_EMPTY_BODY = YES;
				CLANG_WARN_ENUM_CONVERSION = YES;
				CLANG_WARN_INFINITE_RECURSION = YES;
				CLANG_WARN_INT_CONVERSION = YES;
				CLANG_WARN_NON_LITERAL_NULL_CONVERSION = YES;
				CLANG_WARN_OBJC_IMPLICIT_RETAIN_SELF = YES;
				CLANG_WARN_OBJC_LITERAL_CONVERSION = YES;
				CLANG_WARN_OBJC_ROOT_CLASS = YES_ERROR;
				CLANG_WARN_QUOTED_INCLUDE_IN_FRAMEWORK_HEADER = YES;
				CLANG_WARN_RANGE_LOOP_ANALYSIS = YES;
				CLANG_WARN_STRICT_PROTOTYPES = YES;
				CLANG_WARN_SUSPICIOUS_MOVE = YES;
				CLANG_WARN_UNGUARDED_AVAILABILITY = YES_AGGRESSIVE;
				CLANG_WARN_UNREACHABLE_CODE = YES;
				CLANG_WARN__DUPLICATE_METHOD_MATCH = YES;
				CODE_SIGN_STYLE = Automatic;
				COPY_PHASE_STRIP = NO;
				CURRENT_PROJECT_VERSION = 1;
				DEBUG_INFORMATION_FORMAT = dwarf;
				DEVELOPMENT_TEAM = QMM486NPYC;
				ENABLE_STRICT_OBJC_MSGSEND = YES;
				ENABLE_TESTABILITY = YES;
				GCC_C_LANGUAGE_STANDARD = gnu11;
				GCC_DYNAMIC_NO_PIC = NO;
				GCC_NO_COMMON_BLOCKS = YES;
				GCC_OPTIMIZATION_LEVEL = 0;
				GCC_PREPROCESSOR_DEFINITIONS = (
					"$(inherited)",
					"DEBUG=1",
				);
				GCC_WARN_64_TO_32_BIT_CONVERSION = YES;
				GCC_WARN_ABOUT_RETURN_TYPE = YES_ERROR;
				GCC_WARN_UNDECLARED_SELECTOR = YES;
				GCC_WARN_UNINITIALIZED_AUTOS = YES_AGGRESSIVE;
				GCC_WARN_UNUSED_FUNCTION = YES;
				GCC_WARN_UNUSED_VARIABLE = YES;
				MARKETING_VERSION = 1.0.0;
				MTL_ENABLE_DEBUG_INFO = INCLUDE_SOURCE;
				MTL_FAST_MATH = YES;
				ONLY_ACTIVE_ARCH = YES;
				PRODUCT_NAME = "$(TARGET_NAME)";
				SDKROOT = watchos;
				SWIFT_ACTIVE_COMPILATION_CONDITIONS = DEBUG;
				SWIFT_OPTIMIZATION_LEVEL = "-Onone";
				SWIFT_VERSION = 6.0;
				WATCHOS_DEPLOYMENT_TARGET = 10.0;
			};
			name = Debug;
		};
/* End XCBuildConfiguration section */

/* Begin XCConfigurationList section */
		1F53593C9209D5CDD1D5EE2E /* Build configuration list for PBXProject "PortfolioWatch" */ = {
			isa = XCConfigurationList;
			buildConfigurations = (
				E79B7CA43EA3ED6486A7D36E /* Debug */,
				72705796322FEFC1AE9B72BA /* Release */,
			);
			defaultConfigurationIsVisible = 0;
			defaultConfigurationName = Debug;
		};
		7DEDA6BA131BBC4B038737D6 /* Build configuration list for PBXNativeTarget "PortfolioWatch" */ = {
			isa = XCConfigurationList;
			buildConfigurations = (
				4B8A9A0A4574663D5CE63C80 /* Debug */,
				41DE6233CA3842C16425B108 /* Release */,
			);
			defaultConfigurationIsVisible = 0;
			defaultConfigurationName = Debug;
		};
/* End XCConfigurationList section */
	};
	rootObject = 8109B37ACB78B076BB0B206D /* Project object */;
}
